
Microsoft Visual Studio Solution File, Format Version 12.00
# Visual Studio Version 17
VisualStudioVersion = 17.8.34525.116
MinimumVisualStudioVersion = 10.0.40219.1
Project("{F184B08F-C81C-45F6-A57F-5ABD9991F28F}") = "PrjTekstiPooraja", "PrjTekstiPooraja\PrjTekstiPooraja.vbproj", "{9C872447-546F-4EA6-9635-B0E0F9D7B848}"
EndProject
Project("{F184B08F-C81C-45F6-A57F-5ABD9991F28F}") = "PrjKonteiner", "PrjKonteiner\PrjKonteiner.vbproj", "{E5ABB639-7286-4972-8C9A-CD4F1BE3B9FC}"
EndProject
Global
	GlobalSection(SolutionConfigurationPlatforms) = preSolution
		Debug|Any CPU = Debug|Any CPU
		Release|Any CPU = Release|Any CPU
	EndGlobalSection
	GlobalSection(ProjectConfigurationPlatforms) = postSolution
		{9C872447-546F-4EA6-9635-B0E0F9D7B848}.Debug|Any CPU.ActiveCfg = Debug|Any CPU
		{9C872447-546F-4EA6-9635-B0E0F9D7B848}.Debug|Any CPU.Build.0 = Debug|Any CPU
		{9C872447-546F-4EA6-9635-B0E0F9D7B848}.Release|Any CPU.ActiveCfg = Release|Any CPU
		{9C872447-546F-4EA6-9635-B0E0F9D7B848}.Release|Any CPU.Build.0 = Release|Any CPU
		{E5ABB639-7286-4972-8C9A-CD4F1BE3B9FC}.Debug|Any CPU.ActiveCfg = Debug|Any CPU
		{E5ABB639-7286-4972-8C9A-CD4F1BE3B9FC}.Debug|Any CPU.Build.0 = Debug|Any CPU
		{E5ABB639-7286-4972-8C9A-CD4F1BE3B9FC}.Release|Any CPU.ActiveCfg = Release|Any CPU
		{E5ABB639-7286-4972-8C9A-CD4F1BE3B9FC}.Release|Any CPU.Build.0 = Release|Any CPU
	EndGlobalSection
	GlobalSection(SolutionProperties) = preSolution
		HideSolutionNode = FALSE
	EndGlobalSection
	GlobalSection(ExtensibilityGlobals) = postSolution
		SolutionGuid = {E0228FEF-6DB1-4613-9F1C-213070139C5D}
	EndGlobalSection
EndGlobal
